
Microsoft Visual Studio Solution File, Format Version 10.00
# Visual Studio 2008
Project("{8BC9CEB8-8B4A-11D0-8D11-00A0C91BC942}") = "quickSC", "quickSC.vcproj", "{7BD747EB-17E5-4E2B-8B43-CC1275B4EFED}"
EndProject
Global
	GlobalSection(SolutionConfigurationPlatforms) = preSolution
		Debug|Win32 = Debug|Win32
		Release|Win32 = Release|Win32
	EndGlobalSection
	GlobalSection(ProjectConfigurationPlatforms) = postSolution
		{7BD747EB-17E5-4E2B-8B43-CC1275B4EFED}.Debug|Win32.ActiveCfg = Debug|Win32
		{7BD747EB-17E5-4E2B-8B43-CC1275B4EFED}.Debug|Win32.Build.0 = Debug|Win32
		{7BD747EB-17E5-4E2B-8B43-CC1275B4EFED}.Release|Win32.ActiveCfg = Release|Win32
		{7BD747EB-17E5-4E2B-8B43-CC1275B4EFED}.Release|Win32.Build.0 = Release|Win32
	EndGlobalSection
	GlobalSection(SolutionProperties) = preSolution
		HideSolutionNode = FALSE
	EndGlobalSection
EndGlobal
